
Microsoft Visual Studio Solution File, Format Version 12.00
# Visual Studio 15
VisualStudioVersion = 15.0.28307.329
MinimumVisualStudioVersion = 10.0.40219.1
Project("{9A19103F-16F7-4668-BE54-9A1E7A4F7556}") = "Sample", "src\Sample\Sample.csproj", "{E10F63B8-001B-426C-97C5-1288FB0C1071}"
EndProject
Project("{9A19103F-16F7-4668-BE54-9A1E7A4F7556}") = "Fragments", "src\Fragments\Fragments.csproj", "{631B3B52-4045-4F89-973E-0B94AE7EFADE}"
EndProject
Global
	GlobalSection(SolutionConfigurationPlatforms) = preSolution
		Debug|Any CPU = Debug|Any CPU
		Release|Any CPU = Release|Any CPU
	EndGlobalSection
	GlobalSection(ProjectConfigurationPlatforms) = postSolution
		{E10F63B8-001B-426C-97C5-1288FB0C1071}.Debug|Any CPU.ActiveCfg = Debug|Any CPU
		{E10F63B8-001B-426C-97C5-1288FB0C1071}.Debug|Any CPU.Build.0 = Debug|Any CPU
		{E10F63B8-001B-426C-97C5-1288FB0C1071}.Release|Any CPU.ActiveCfg = Release|Any CPU
		{E10F63B8-001B-426C-97C5-1288FB0C1071}.Release|Any CPU.Build.0 = Release|Any CPU
		{631B3B52-4045-4F89-973E-0B94AE7EFADE}.Debug|Any CPU.ActiveCfg = Debug|Any CPU
		{631B3B52-4045-4F89-973E-0B94AE7EFADE}.Debug|Any CPU.Build.0 = Debug|Any CPU
		{631B3B52-4045-4F89-973E-0B94AE7EFADE}.Release|Any CPU.ActiveCfg = Release|Any CPU
		{631B3B52-4045-4F89-973E-0B94AE7EFADE}.Release|Any CPU.Build.0 = Release|Any CPU
	EndGlobalSection
	GlobalSection(SolutionProperties) = preSolution
		HideSolutionNode = FALSE
	EndGlobalSection
	GlobalSection(ExtensibilityGlobals) = postSolution
		SolutionGuid = {59927C28-603A-458B-8143-014F08ABE481}
	EndGlobalSection
EndGlobal
